
Microsoft Visual Studio Solution File, Format Version 12.00
# Visual Studio 15
VisualStudioVersion = 15.0.28010.2050
MinimumVisualStudioVersion = 10.0.40219.1
Project("{9A19103F-16F7-4668-BE54-9A1E7A4F7556}") = "IAttend.API", "IAttend.API.csproj", "{2EE25848-08CA-43FA-9E38-B7D706F5B67F}"
EndProject
Global
	GlobalSection(SolutionConfigurationPlatforms) = preSolution
		Debug|Any CPU = Debug|Any CPU
		Release|Any CPU = Release|Any CPU
	EndGlobalSection
	GlobalSection(ProjectConfigurationPlatforms) = postSolution
		{2EE25848-08CA-43FA-9E38-B7D706F5B67F}.Debug|Any CPU.ActiveCfg = Debug|Any CPU
		{2EE25848-08CA-43FA-9E38-B7D706F5B67F}.Debug|Any CPU.Build.0 = Debug|Any CPU
		{2EE25848-08CA-43FA-9E38-B7D706F5B67F}.Release|Any CPU.ActiveCfg = Release|Any CPU
		{2EE25848-08CA-43FA-9E38-B7D706F5B67F}.Release|Any CPU.Build.0 = Release|Any CPU
	EndGlobalSection
	GlobalSection(SolutionProperties) = preSolution
		HideSolutionNode = FALSE
	EndGlobalSection
	GlobalSection(ExtensibilityGlobals) = postSolution
		SolutionGuid = {C405F3BE-B8B0-4B74-B9B7-9DA75F97E773}
	EndGlobalSection
EndGlobal
